
Microsoft Visual Studio Solution File, Format Version 12.00
# Visual Studio Version 17
VisualStudioVersion = 17.5.33627.172
MinimumVisualStudioVersion = 10.0.40219.1
Project("{9A19103F-16F7-4668-BE54-9A1E7A4F7556}") = "RestaurantBooking", "RestaurantBooking.csproj", "{ACB67AB3-E952-40AA-A6D7-859EBF127D09}"
EndProject
Global
	GlobalSection(SolutionConfigurationPlatforms) = preSolution
		Debug|Any CPU = Debug|Any CPU
		Release|Any CPU = Release|Any CPU
	EndGlobalSection
	GlobalSection(ProjectConfigurationPlatforms) = postSolution
		{ACB67AB3-E952-40AA-A6D7-859EBF127D09}.Debug|Any CPU.ActiveCfg = Debug|Any CPU
		{ACB67AB3-E952-40AA-A6D7-859EBF127D09}.Debug|Any CPU.Build.0 = Debug|Any CPU
		{ACB67AB3-E952-40AA-A6D7-859EBF127D09}.Release|Any CPU.ActiveCfg = Release|Any CPU
		{ACB67AB3-E952-40AA-A6D7-859EBF127D09}.Release|Any CPU.Build.0 = Release|Any CPU
	EndGlobalSection
	GlobalSection(SolutionProperties) = preSolution
		HideSolutionNode = FALSE
	EndGlobalSection
	GlobalSection(ExtensibilityGlobals) = postSolution
		SolutionGuid = {7725B7E9-7211-409C-8176-613300457419}
	EndGlobalSection
EndGlobal
